
Microsoft Visual Studio Solution File, Format Version 12.00
# Visual Studio Version 16
VisualStudioVersion = 16.0.28803.352
MinimumVisualStudioVersion = 10.0.40219.1
Project("{FAE04EC0-301F-11D3-BF4B-00C04F79EFBC}") = "SuperMarket", "SuperMarket\SuperMarket.csproj", "{C780219E-0BC8-4A9E-9795-F1EB6DB46475}"
EndProject
Global
	GlobalSection(SolutionConfigurationPlatforms) = preSolution
		Debug|Any CPU = Debug|Any CPU
		Release|Any CPU = Release|Any CPU
	EndGlobalSection
	GlobalSection(ProjectConfigurationPlatforms) = postSolution
		{C780219E-0BC8-4A9E-9795-F1EB6DB46475}.Debug|Any CPU.ActiveCfg = Debug|Any CPU
		{C780219E-0BC8-4A9E-9795-F1EB6DB46475}.Debug|Any CPU.Build.0 = Debug|Any CPU
		{C780219E-0BC8-4A9E-9795-F1EB6DB46475}.Release|Any CPU.ActiveCfg = Release|Any CPU
		{C780219E-0BC8-4A9E-9795-F1EB6DB46475}.Release|Any CPU.Build.0 = Release|Any CPU
	EndGlobalSection
	GlobalSection(SolutionProperties) = preSolution
		HideSolutionNode = FALSE
	EndGlobalSection
	GlobalSection(ExtensibilityGlobals) = postSolution
		SolutionGuid = {C9FAA12E-B2F3-4CB5-9B9D-209CDDC1580A}
	EndGlobalSection
EndGlobal
